
Microsoft Visual Studio Solution File, Format Version 12.00
# Visual Studio Version 17
VisualStudioVersion = 17.1.32210.238
MinimumVisualStudioVersion = 10.0.40219.1
Project("{9A19103F-16F7-4668-BE54-9A1E7A4F7556}") = "Yggdrasil.Core", "Yggdrasil.Core\Yggdrasil.Core.csproj", "{2961988C-2D89-420A-A0BF-FC0A950D28B5}"
EndProject
Project("{9A19103F-16F7-4668-BE54-9A1E7A4F7556}") = "Yggdrasil.Core.UnitTests", "Yggdrasil.Core.UnitTests\Yggdrasil.Core.UnitTests.csproj", "{A8927C84-A06D-40C1-B1C8-ACE4C3FD952C}"
EndProject
Project("{2150E333-8FDC-42A3-9474-1A3956D46DE8}") = "1 - Core", "1 - Core", "{932878B7-66C3-4628-AD65-68D75DF78DEF}"
EndProject
Project("{2150E333-8FDC-42A3-9474-1A3956D46DE8}") = "3 - Tests", "3 - Tests", "{22688543-18EA-4A9A-AFB5-C8BCCDCA1210}"
EndProject
Project("{9A19103F-16F7-4668-BE54-9A1E7A4F7556}") = "Yggdrasil.Security", "Yggdrasil.Security\Yggdrasil.Security.csproj", "{69C31D00-9F3C-450B-9255-0EE67463472B}"
EndProject
Project("{2150E333-8FDC-42A3-9474-1A3956D46DE8}") = "2 - Azure", "2 - Azure", "{F599AF59-5830-434F-8090-855D946EA1B5}"
EndProject
Project("{9A19103F-16F7-4668-BE54-9A1E7A4F7556}") = "Yggdrasil.Logging.AppInsights", "Yggdrasil.Logging.AppInsights\Yggdrasil.Logging.AppInsights.csproj", "{F2231E1A-1BBF-4C3D-9914-B0A68CBCB6E6}"
EndProject
Project("{9A19103F-16F7-4668-BE54-9A1E7A4F7556}") = "Yggdrasil.Configuration.Azure", "Yggdrasil.Configuration.Azure\Yggdrasil.Configuration.Azure.csproj", "{6B1AB4B5-8726-497E-B6E9-D1F1E7FB2F70}"
EndProject
Project("{9A19103F-16F7-4668-BE54-9A1E7A4F7556}") = "Yggdrasil.Security.UnitTests", "Yggdrasil.Security.UnitTests\Yggdrasil.Security.UnitTests.csproj", "{90773812-EEA1-42F4-ABAF-09ED1419E35D}"
EndProject
Project("{9A19103F-16F7-4668-BE54-9A1E7A4F7556}") = "Yggdrasil.Core.DependencyInjection", "Yggdrasil.Core.DependencyInjection\Yggdrasil.Core.DependencyInjection.csproj", "{039A1506-4433-42E0-8DA1-5D6652CEDDA3}"
EndProject
Project("{9A19103F-16F7-4668-BE54-9A1E7A4F7556}") = "Yggdrasil.Core.DependencyInjection.UnitTests", "Yggdrasil.Core.DependencyInjection.UnitTests\Yggdrasil.Core.DependencyInjection.UnitTests.csproj", "{6CF2ABDA-3AAB-4B04-A6A0-39C96BD447E9}"
EndProject
Project("{9A19103F-16F7-4668-BE54-9A1E7A4F7556}") = "Yggdrasil.Configuration.AppSettings", "Yggdrasil.Configuration.AppSettings\Yggdrasil.Configuration.AppSettings.csproj", "{677F9FAF-0CC4-4B40-A0BE-1338CB34B19E}"
EndProject
Project("{FAE04EC0-301F-11D3-BF4B-00C04F79EFBC}") = "Yggdrasil.Security.Certificates", "Yggdrasil.Security.Certificates\Yggdrasil.Security.Certificates.csproj", "{55253182-3EC7-4258-99B6-B825EA0B80EB}"
EndProject
Project("{FAE04EC0-301F-11D3-BF4B-00C04F79EFBC}") = "Yggdrasil.Security.Certificates.UnitTests", "Yggdrasil.Security.Certificates.UnitTests\Yggdrasil.Security.Certificates.UnitTests.csproj", "{4BB659EB-9DA9-4692-B0E7-9D7CB13D588D}"
EndProject
Global
	GlobalSection(SolutionConfigurationPlatforms) = preSolution
		Debug|Any CPU = Debug|Any CPU
		Release|Any CPU = Release|Any CPU
	EndGlobalSection
	GlobalSection(ProjectConfigurationPlatforms) = postSolution
		{2961988C-2D89-420A-A0BF-FC0A950D28B5}.Debug|Any CPU.ActiveCfg = Debug|Any CPU
		{2961988C-2D89-420A-A0BF-FC0A950D28B5}.Debug|Any CPU.Build.0 = Debug|Any CPU
		{2961988C-2D89-420A-A0BF-FC0A950D28B5}.Release|Any CPU.ActiveCfg = Release|Any CPU
		{2961988C-2D89-420A-A0BF-FC0A950D28B5}.Release|Any CPU.Build.0 = Release|Any CPU
		{A8927C84-A06D-40C1-B1C8-ACE4C3FD952C}.Debug|Any CPU.ActiveCfg = Debug|Any CPU
		{A8927C84-A06D-40C1-B1C8-ACE4C3FD952C}.Debug|Any CPU.Build.0 = Debug|Any CPU
		{A8927C84-A06D-40C1-B1C8-ACE4C3FD952C}.Release|Any CPU.ActiveCfg = Release|Any CPU
		{A8927C84-A06D-40C1-B1C8-ACE4C3FD952C}.Release|Any CPU.Build.0 = Release|Any CPU
		{69C31D00-9F3C-450B-9255-0EE67463472B}.Debug|Any CPU.ActiveCfg = Debug|Any CPU
		{69C31D00-9F3C-450B-9255-0EE67463472B}.Debug|Any CPU.Build.0 = Debug|Any CPU
		{69C31D00-9F3C-450B-9255-0EE67463472B}.Release|Any CPU.ActiveCfg = Release|Any CPU
		{69C31D00-9F3C-450B-9255-0EE67463472B}.Release|Any CPU.Build.0 = Release|Any CPU
		{F2231E1A-1BBF-4C3D-9914-B0A68CBCB6E6}.Debug|Any CPU.ActiveCfg = Debug|Any CPU
		{F2231E1A-1BBF-4C3D-9914-B0A68CBCB6E6}.Debug|Any CPU.Build.0 = Debug|Any CPU
		{F2231E1A-1BBF-4C3D-9914-B0A68CBCB6E6}.Release|Any CPU.ActiveCfg = Release|Any CPU
		{F2231E1A-1BBF-4C3D-9914-B0A68CBCB6E6}.Release|Any CPU.Build.0 = Release|Any CPU
		{6B1AB4B5-8726-497E-B6E9-D1F1E7FB2F70}.Debug|Any CPU.ActiveCfg = Debug|Any CPU
		{6B1AB4B5-8726-497E-B6E9-D1F1E7FB2F70}.Debug|Any CPU.Build.0 = Debug|Any CPU
		{6B1AB4B5-8726-497E-B6E9-D1F1E7FB2F70}.Release|Any CPU.ActiveCfg = Release|Any CPU
		{6B1AB4B5-8726-497E-B6E9-D1F1E7FB2F70}.Release|Any CPU.Build.0 = Release|Any CPU
		{90773812-EEA1-42F4-ABAF-09ED1419E35D}.Debug|Any CPU.ActiveCfg = Debug|Any CPU
		{90773812-EEA1-42F4-ABAF-09ED1419E35D}.Debug|Any CPU.Build.0 = Debug|Any CPU
		{90773812-EEA1-42F4-ABAF-09ED1419E35D}.Release|Any CPU.ActiveCfg = Release|Any CPU
		{90773812-EEA1-42F4-ABAF-09ED1419E35D}.Release|Any CPU.Build.0 = Release|Any CPU
		{039A1506-4433-42E0-8DA1-5D6652CEDDA3}.Debug|Any CPU.ActiveCfg = Debug|Any CPU
		{039A1506-4433-42E0-8DA1-5D6652CEDDA3}.Debug|Any CPU.Build.0 = Debug|Any CPU
		{039A1506-4433-42E0-8DA1-5D6652CEDDA3}.Release|Any CPU.ActiveCfg = Release|Any CPU
		{039A1506-4433-42E0-8DA1-5D6652CEDDA3}.Release|Any CPU.Build.0 = Release|Any CPU
		{6CF2ABDA-3AAB-4B04-A6A0-39C96BD447E9}.Debug|Any CPU.ActiveCfg = Debug|Any CPU
		{6CF2ABDA-3AAB-4B04-A6A0-39C96BD447E9}.Debug|Any CPU.Build.0 = Debug|Any CPU
		{6CF2ABDA-3AAB-4B04-A6A0-39C96BD447E9}.Release|Any CPU.ActiveCfg = Release|Any CPU
		{6CF2ABDA-3AAB-4B04-A6A0-39C96BD447E9}.Release|Any CPU.Build.0 = Release|Any CPU
		{677F9FAF-0CC4-4B40-A0BE-1338CB34B19E}.Debug|Any CPU.ActiveCfg = Debug|Any CPU
		{677F9FAF-0CC4-4B40-A0BE-1338CB34B19E}.Debug|Any CPU.Build.0 = Debug|Any CPU
		{677F9FAF-0CC4-4B40-A0BE-1338CB34B19E}.Release|Any CPU.ActiveCfg = Release|Any CPU
		{677F9FAF-0CC4-4B40-A0BE-1338CB34B19E}.Release|Any CPU.Build.0 = Release|Any CPU
		{55253182-3EC7-4258-99B6-B825EA0B80EB}.Debug|Any CPU.ActiveCfg = Debug|Any CPU
		{55253182-3EC7-4258-99B6-B825EA0B80EB}.Debug|Any CPU.Build.0 = Debug|Any CPU
		{55253182-3EC7-4258-99B6-B825EA0B80EB}.Release|Any CPU.ActiveCfg = Release|Any CPU
		{55253182-3EC7-4258-99B6-B825EA0B80EB}.Release|Any CPU.Build.0 = Release|Any CPU
		{4BB659EB-9DA9-4692-B0E7-9D7CB13D588D}.Debug|Any CPU.ActiveCfg = Debug|Any CPU
		{4BB659EB-9DA9-4692-B0E7-9D7CB13D588D}.Debug|Any CPU.Build.0 = Debug|Any CPU
		{4BB659EB-9DA9-4692-B0E7-9D7CB13D588D}.Release|Any CPU.ActiveCfg = Release|Any CPU
		{4BB659EB-9DA9-4692-B0E7-9D7CB13D588D}.Release|Any CPU.Build.0 = Release|Any CPU
	EndGlobalSection
	GlobalSection(SolutionProperties) = preSolution
		HideSolutionNode = FALSE
	EndGlobalSection
	GlobalSection(NestedProjects) = preSolution
		{2961988C-2D89-420A-A0BF-FC0A950D28B5} = {932878B7-66C3-4628-AD65-68D75DF78DEF}
		{A8927C84-A06D-40C1-B1C8-ACE4C3FD952C} = {22688543-18EA-4A9A-AFB5-C8BCCDCA1210}
		{69C31D00-9F3C-450B-9255-0EE67463472B} = {932878B7-66C3-4628-AD65-68D75DF78DEF}
		{F2231E1A-1BBF-4C3D-9914-B0A68CBCB6E6} = {F599AF59-5830-434F-8090-855D946EA1B5}
		{6B1AB4B5-8726-497E-B6E9-D1F1E7FB2F70} = {F599AF59-5830-434F-8090-855D946EA1B5}
		{90773812-EEA1-42F4-ABAF-09ED1419E35D} = {22688543-18EA-4A9A-AFB5-C8BCCDCA1210}
		{039A1506-4433-42E0-8DA1-5D6652CEDDA3} = {932878B7-66C3-4628-AD65-68D75DF78DEF}
		{6CF2ABDA-3AAB-4B04-A6A0-39C96BD447E9} = {22688543-18EA-4A9A-AFB5-C8BCCDCA1210}
		{677F9FAF-0CC4-4B40-A0BE-1338CB34B19E} = {F599AF59-5830-434F-8090-855D946EA1B5}
		{55253182-3EC7-4258-99B6-B825EA0B80EB} = {932878B7-66C3-4628-AD65-68D75DF78DEF}
		{4BB659EB-9DA9-4692-B0E7-9D7CB13D588D} = {22688543-18EA-4A9A-AFB5-C8BCCDCA1210}
	EndGlobalSection
	GlobalSection(ExtensibilityGlobals) = postSolution
		SolutionGuid = {D9C6D16A-6418-4DE0-8F54-D434C9CD15B0}
	EndGlobalSection
EndGlobal
